
Microsoft Visual Studio Solution File, Format Version 12.00
# Visual Studio 2012
Project("{CC5FD16D-436D-48AD-A40C-5A424C6E3E79}") = "PageFeedback.Azure", "PageFeedback.Azure\PageFeedback.Azure.ccproj", "{6A07D548-D990-4C3B-AB23-5D35F0EEE9FD}"
EndProject
Project("{FAE04EC0-301F-11D3-BF4B-00C04F79EFBC}") = "PageFeedback.Web", "PageFeedback.Web\PageFeedback.Web.csproj", "{42852F3B-9BD7-4750-9B0B-F0B63C6F1431}"
EndProject
Project("{FAE04EC0-301F-11D3-BF4B-00C04F79EFBC}") = "PageFeedback.Worker", "PageFeedback.Worker\PageFeedback.Worker.csproj", "{BB10BB14-669D-4435-BD8B-CBE4F69CE1F6}"
EndProject
Project("{2150E333-8FDC-42A3-9474-1A3956D46DE8}") = "Solution Items", "Solution Items", "{8552CD0D-F01A-462C-8635-849A3CFEB10D}"
	ProjectSection(SolutionItems) = preProject
		BuildAndPublish.build = BuildAndPublish.build
		echo.ps1 = echo.ps1
		PublishToAzure.ps1 = PublishToAzure.ps1
	EndProjectSection
EndProject
Project("{2150E333-8FDC-42A3-9474-1A3956D46DE8}") = "shared", "shared", "{DB877C63-70B2-4EDD-B421-66DC5C75895A}"
	ProjectSection(SolutionItems) = preProject
		shared\log4net.xml = shared\log4net.xml
	EndProjectSection
EndProject
Project("{FAE04EC0-301F-11D3-BF4B-00C04F79EFBC}") = "PageFeedback.Service", "PageFeedback.Service\PageFeedback.Service.csproj", "{348D1A9E-7557-4F11-A847-D7E0D886EA4F}"
EndProject
Global
	GlobalSection(SolutionConfigurationPlatforms) = preSolution
		Debug|Any CPU = Debug|Any CPU
		Release|Any CPU = Release|Any CPU
	EndGlobalSection
	GlobalSection(ProjectConfigurationPlatforms) = postSolution
		{6A07D548-D990-4C3B-AB23-5D35F0EEE9FD}.Debug|Any CPU.ActiveCfg = Debug|Any CPU
		{6A07D548-D990-4C3B-AB23-5D35F0EEE9FD}.Debug|Any CPU.Build.0 = Debug|Any CPU
		{6A07D548-D990-4C3B-AB23-5D35F0EEE9FD}.Release|Any CPU.ActiveCfg = Release|Any CPU
		{6A07D548-D990-4C3B-AB23-5D35F0EEE9FD}.Release|Any CPU.Build.0 = Release|Any CPU
		{42852F3B-9BD7-4750-9B0B-F0B63C6F1431}.Debug|Any CPU.ActiveCfg = Debug|Any CPU
		{42852F3B-9BD7-4750-9B0B-F0B63C6F1431}.Debug|Any CPU.Build.0 = Debug|Any CPU
		{42852F3B-9BD7-4750-9B0B-F0B63C6F1431}.Release|Any CPU.ActiveCfg = Release|Any CPU
		{42852F3B-9BD7-4750-9B0B-F0B63C6F1431}.Release|Any CPU.Build.0 = Release|Any CPU
		{BB10BB14-669D-4435-BD8B-CBE4F69CE1F6}.Debug|Any CPU.ActiveCfg = Debug|Any CPU
		{BB10BB14-669D-4435-BD8B-CBE4F69CE1F6}.Debug|Any CPU.Build.0 = Debug|Any CPU
		{BB10BB14-669D-4435-BD8B-CBE4F69CE1F6}.Release|Any CPU.ActiveCfg = Release|Any CPU
		{BB10BB14-669D-4435-BD8B-CBE4F69CE1F6}.Release|Any CPU.Build.0 = Release|Any CPU
		{348D1A9E-7557-4F11-A847-D7E0D886EA4F}.Debug|Any CPU.ActiveCfg = Debug|Any CPU
		{348D1A9E-7557-4F11-A847-D7E0D886EA4F}.Debug|Any CPU.Build.0 = Debug|Any CPU
		{348D1A9E-7557-4F11-A847-D7E0D886EA4F}.Release|Any CPU.ActiveCfg = Release|Any CPU
		{348D1A9E-7557-4F11-A847-D7E0D886EA4F}.Release|Any CPU.Build.0 = Release|Any CPU
	EndGlobalSection
	GlobalSection(SolutionProperties) = preSolution
		HideSolutionNode = FALSE
	EndGlobalSection
EndGlobal
