
Microsoft Visual Studio Solution File, Format Version 12.00
# Visual Studio 2012
Project("{FAE04EC0-301F-11D3-BF4B-00C04F79EFBC}") = "PageFeedback", "PageFeedback\PageFeedback.csproj", "{BFFE5C91-54DC-4E62-B728-3A0BD5CF142C}"
EndProject
Project("{FAE04EC0-301F-11D3-BF4B-00C04F79EFBC}") = "PageFeedback.ConsoleApp", "PageFeedback.ConsoleApp\PageFeedback.ConsoleApp.csproj", "{EF4EC248-FEF5-489E-9C9D-13E5D3FD643B}"
EndProject
Global
	GlobalSection(SolutionConfigurationPlatforms) = preSolution
		Debug|Any CPU = Debug|Any CPU
		Release|Any CPU = Release|Any CPU
	EndGlobalSection
	GlobalSection(ProjectConfigurationPlatforms) = postSolution
		{BFFE5C91-54DC-4E62-B728-3A0BD5CF142C}.Debug|Any CPU.ActiveCfg = Debug|Any CPU
		{BFFE5C91-54DC-4E62-B728-3A0BD5CF142C}.Debug|Any CPU.Build.0 = Debug|Any CPU
		{BFFE5C91-54DC-4E62-B728-3A0BD5CF142C}.Release|Any CPU.ActiveCfg = Release|Any CPU
		{BFFE5C91-54DC-4E62-B728-3A0BD5CF142C}.Release|Any CPU.Build.0 = Release|Any CPU
		{EF4EC248-FEF5-489E-9C9D-13E5D3FD643B}.Debug|Any CPU.ActiveCfg = Debug|Any CPU
		{EF4EC248-FEF5-489E-9C9D-13E5D3FD643B}.Debug|Any CPU.Build.0 = Debug|Any CPU
		{EF4EC248-FEF5-489E-9C9D-13E5D3FD643B}.Release|Any CPU.ActiveCfg = Release|Any CPU
		{EF4EC248-FEF5-489E-9C9D-13E5D3FD643B}.Release|Any CPU.Build.0 = Release|Any CPU
	EndGlobalSection
	GlobalSection(SolutionProperties) = preSolution
		HideSolutionNode = FALSE
	EndGlobalSection
EndGlobal
